
Microsoft Visual Studio Solution File, Format Version 12.00
Project("{FAE04EC0-301F-11D3-BF4B-00C04F79EFBC}") = "StashPup.Core", "StashPup.Core\StashPup.Core.csproj", "{BF9C240D-A76C-46A9-9638-2D379A7D8876}"
EndProject
Project("{FAE04EC0-301F-11D3-BF4B-00C04F79EFBC}") = "StashPup.Storage.Local", "StashPup.Storage.Local\StashPup.Storage.Local.csproj", "{28662ED5-377C-4270-A717-275FE023A852}"
EndProject
Project("{FAE04EC0-301F-11D3-BF4B-00C04F79EFBC}") = "StashPup.Storage.S3", "StashPup.Storage.S3\StashPup.Storage.S3.csproj", "{D21AB7B9-59C2-425C-B563-FC1E9F5E3D37}"
EndProject
Project("{FAE04EC0-301F-11D3-BF4B-00C04F79EFBC}") = "StashPup.Storage.Azure", "StashPup.Storage.Azure\StashPup.Storage.Azure.csproj", "{8176669B-8E1C-4847-95E4-A4946E0E518C}"
EndProject
Project("{2150E333-8FDC-42A3-9474-1A3956D46DE8}") = "src", "src", "{F8D16D6C-0890-428E-B14E-F720F288FBD9}"
EndProject
Project("{2150E333-8FDC-42A3-9474-1A3956D46DE8}") = "tests", "tests", "{63B536C3-70A7-4539-89B9-A60A8A5009F3}"
EndProject
Project("{FAE04EC0-301F-11D3-BF4B-00C04F79EFBC}") = "StashPup.Core.Tests", "StashPup.Core.Tests\StashPup.Core.Tests.csproj", "{CC7E4295-F71A-446C-9755-C2D2C6EB67BE}"
EndProject
Project("{FAE04EC0-301F-11D3-BF4B-00C04F79EFBC}") = "StashPup.Storage.Local.Tests", "StashPup.Storage.Local.Tests\StashPup.Storage.Local.Tests.csproj", "{69CAF2A0-208B-4C7A-959A-73B0A1D5A671}"
EndProject
Project("{FAE04EC0-301F-11D3-BF4B-00C04F79EFBC}") = "StashPup.Storage.S3.Tests", "StashPup.Storage.S3.Tests\StashPup.Storage.S3.Tests.csproj", "{749FB3FF-4E47-421A-B8C5-DDF7582A6142}"
EndProject
Project("{FAE04EC0-301F-11D3-BF4B-00C04F79EFBC}") = "StashPup.Storage.Azure.Tests", "StashPup.Storage.Azure.Tests\StashPup.Storage.Azure.Tests.csproj", "{47C22641-DD42-4816-B285-A89234B99962}"
EndProject
Global
	GlobalSection(SolutionConfigurationPlatforms) = preSolution
		Debug|Any CPU = Debug|Any CPU
		Release|Any CPU = Release|Any CPU
	EndGlobalSection
	GlobalSection(ProjectConfigurationPlatforms) = postSolution
		{BF9C240D-A76C-46A9-9638-2D379A7D8876}.Debug|Any CPU.ActiveCfg = Debug|Any CPU
		{BF9C240D-A76C-46A9-9638-2D379A7D8876}.Debug|Any CPU.Build.0 = Debug|Any CPU
		{BF9C240D-A76C-46A9-9638-2D379A7D8876}.Release|Any CPU.ActiveCfg = Release|Any CPU
		{BF9C240D-A76C-46A9-9638-2D379A7D8876}.Release|Any CPU.Build.0 = Release|Any CPU
		{28662ED5-377C-4270-A717-275FE023A852}.Debug|Any CPU.ActiveCfg = Debug|Any CPU
		{28662ED5-377C-4270-A717-275FE023A852}.Debug|Any CPU.Build.0 = Debug|Any CPU
		{28662ED5-377C-4270-A717-275FE023A852}.Release|Any CPU.ActiveCfg = Release|Any CPU
		{28662ED5-377C-4270-A717-275FE023A852}.Release|Any CPU.Build.0 = Release|Any CPU
		{D21AB7B9-59C2-425C-B563-FC1E9F5E3D37}.Debug|Any CPU.ActiveCfg = Debug|Any CPU
		{D21AB7B9-59C2-425C-B563-FC1E9F5E3D37}.Debug|Any CPU.Build.0 = Debug|Any CPU
		{D21AB7B9-59C2-425C-B563-FC1E9F5E3D37}.Release|Any CPU.ActiveCfg = Release|Any CPU
		{D21AB7B9-59C2-425C-B563-FC1E9F5E3D37}.Release|Any CPU.Build.0 = Release|Any CPU
		{8176669B-8E1C-4847-95E4-A4946E0E518C}.Debug|Any CPU.ActiveCfg = Debug|Any CPU
		{8176669B-8E1C-4847-95E4-A4946E0E518C}.Debug|Any CPU.Build.0 = Debug|Any CPU
		{8176669B-8E1C-4847-95E4-A4946E0E518C}.Release|Any CPU.ActiveCfg = Release|Any CPU
		{8176669B-8E1C-4847-95E4-A4946E0E518C}.Release|Any CPU.Build.0 = Release|Any CPU
		{CC7E4295-F71A-446C-9755-C2D2C6EB67BE}.Debug|Any CPU.ActiveCfg = Debug|Any CPU
		{CC7E4295-F71A-446C-9755-C2D2C6EB67BE}.Debug|Any CPU.Build.0 = Debug|Any CPU
		{CC7E4295-F71A-446C-9755-C2D2C6EB67BE}.Release|Any CPU.ActiveCfg = Release|Any CPU
		{CC7E4295-F71A-446C-9755-C2D2C6EB67BE}.Release|Any CPU.Build.0 = Release|Any CPU
		{69CAF2A0-208B-4C7A-959A-73B0A1D5A671}.Debug|Any CPU.ActiveCfg = Debug|Any CPU
		{69CAF2A0-208B-4C7A-959A-73B0A1D5A671}.Debug|Any CPU.Build.0 = Debug|Any CPU
		{69CAF2A0-208B-4C7A-959A-73B0A1D5A671}.Release|Any CPU.ActiveCfg = Release|Any CPU
		{69CAF2A0-208B-4C7A-959A-73B0A1D5A671}.Release|Any CPU.Build.0 = Release|Any CPU
		{749FB3FF-4E47-421A-B8C5-DDF7582A6142}.Debug|Any CPU.ActiveCfg = Debug|Any CPU
		{749FB3FF-4E47-421A-B8C5-DDF7582A6142}.Debug|Any CPU.Build.0 = Debug|Any CPU
		{749FB3FF-4E47-421A-B8C5-DDF7582A6142}.Release|Any CPU.ActiveCfg = Release|Any CPU
		{749FB3FF-4E47-421A-B8C5-DDF7582A6142}.Release|Any CPU.Build.0 = Release|Any CPU
		{47C22641-DD42-4816-B285-A89234B99962}.Debug|Any CPU.ActiveCfg = Debug|Any CPU
		{47C22641-DD42-4816-B285-A89234B99962}.Debug|Any CPU.Build.0 = Debug|Any CPU
		{47C22641-DD42-4816-B285-A89234B99962}.Release|Any CPU.ActiveCfg = Release|Any CPU
		{47C22641-DD42-4816-B285-A89234B99962}.Release|Any CPU.Build.0 = Release|Any CPU
	EndGlobalSection
	GlobalSection(NestedProjects) = preSolution
		{BF9C240D-A76C-46A9-9638-2D379A7D8876} = {F8D16D6C-0890-428E-B14E-F720F288FBD9}
		{8176669B-8E1C-4847-95E4-A4946E0E518C} = {F8D16D6C-0890-428E-B14E-F720F288FBD9}
		{28662ED5-377C-4270-A717-275FE023A852} = {F8D16D6C-0890-428E-B14E-F720F288FBD9}
		{D21AB7B9-59C2-425C-B563-FC1E9F5E3D37} = {F8D16D6C-0890-428E-B14E-F720F288FBD9}
		{CC7E4295-F71A-446C-9755-C2D2C6EB67BE} = {63B536C3-70A7-4539-89B9-A60A8A5009F3}
		{69CAF2A0-208B-4C7A-959A-73B0A1D5A671} = {63B536C3-70A7-4539-89B9-A60A8A5009F3}
		{749FB3FF-4E47-421A-B8C5-DDF7582A6142} = {63B536C3-70A7-4539-89B9-A60A8A5009F3}
		{47C22641-DD42-4816-B285-A89234B99962} = {63B536C3-70A7-4539-89B9-A60A8A5009F3}
	EndGlobalSection
EndGlobal
