
Microsoft Visual Studio Solution File, Format Version 12.00
Project("{FAE04EC0-301F-11D3-BF4B-00C04F79EFBC}") = "StashPup.Core", "src\StashPup.Core\StashPup.Core.csproj", "{835CBCA8-20FC-4444-B97D-E5DF55070E83}"
EndProject
Project("{FAE04EC0-301F-11D3-BF4B-00C04F79EFBC}") = "StashPup.Storage.Azure", "src\StashPup.Storage.Azure\StashPup.Storage.Azure.csproj", "{16FBF013-B59E-4800-84B8-215D28D89708}"
EndProject
Project("{FAE04EC0-301F-11D3-BF4B-00C04F79EFBC}") = "StashPup.Storage.Local", "src\StashPup.Storage.Local\StashPup.Storage.Local.csproj", "{BB28B895-72AD-45EE-AD76-07C83D041A7E}"
EndProject
Project("{FAE04EC0-301F-11D3-BF4B-00C04F79EFBC}") = "StashPup.Storage.S3", "src\StashPup.Storage.S3\StashPup.Storage.S3.csproj", "{7895323D-4376-4251-9333-176A75DCFCA5}"
EndProject
Project("{FAE04EC0-301F-11D3-BF4B-00C04F79EFBC}") = "StashPup.Core.Tests", "tests\StashPup.Core.Tests\StashPup.Core.Tests.csproj", "{4AAFCB7A-FB11-43F3-8AF3-5D065E817F3C}"
EndProject
Project("{FAE04EC0-301F-11D3-BF4B-00C04F79EFBC}") = "StashPup.Storage.Azure.Tests", "tests\StashPup.Storage.Azure.Tests\StashPup.Storage.Azure.Tests.csproj", "{B3675845-2687-4CDC-ADA5-B705F0E3FACD}"
EndProject
Project("{FAE04EC0-301F-11D3-BF4B-00C04F79EFBC}") = "StashPup.Storage.Local.Tests", "tests\StashPup.Storage.Local.Tests\StashPup.Storage.Local.Tests.csproj", "{2FD907F9-173A-4F2A-811A-82B207F59E77}"
EndProject
Project("{FAE04EC0-301F-11D3-BF4B-00C04F79EFBC}") = "StashPup.Storage.S3.Tests", "tests\StashPup.Storage.S3.Tests\StashPup.Storage.S3.Tests.csproj", "{8C5EAD2A-2434-46A0-B000-A5EFAC1E580E}"
EndProject
Project("{2150E333-8FDC-42A3-9474-1A3956D46DE8}") = "src", "src", "{D1FEF468-EFC1-40CF-9DC1-203BCC8C56A1}"
EndProject
Project("{2150E333-8FDC-42A3-9474-1A3956D46DE8}") = "tests", "tests", "{1862A60A-FDD3-4B0D-AF60-8DDD82380C7F}"
EndProject
Global
	GlobalSection(SolutionConfigurationPlatforms) = preSolution
		Debug|Any CPU = Debug|Any CPU
		Release|Any CPU = Release|Any CPU
	EndGlobalSection
	GlobalSection(ProjectConfigurationPlatforms) = postSolution
		{835CBCA8-20FC-4444-B97D-E5DF55070E83}.Debug|Any CPU.ActiveCfg = Debug|Any CPU
		{835CBCA8-20FC-4444-B97D-E5DF55070E83}.Debug|Any CPU.Build.0 = Debug|Any CPU
		{835CBCA8-20FC-4444-B97D-E5DF55070E83}.Release|Any CPU.ActiveCfg = Release|Any CPU
		{835CBCA8-20FC-4444-B97D-E5DF55070E83}.Release|Any CPU.Build.0 = Release|Any CPU
		{16FBF013-B59E-4800-84B8-215D28D89708}.Debug|Any CPU.ActiveCfg = Debug|Any CPU
		{16FBF013-B59E-4800-84B8-215D28D89708}.Debug|Any CPU.Build.0 = Debug|Any CPU
		{16FBF013-B59E-4800-84B8-215D28D89708}.Release|Any CPU.ActiveCfg = Release|Any CPU
		{16FBF013-B59E-4800-84B8-215D28D89708}.Release|Any CPU.Build.0 = Release|Any CPU
		{BB28B895-72AD-45EE-AD76-07C83D041A7E}.Debug|Any CPU.ActiveCfg = Debug|Any CPU
		{BB28B895-72AD-45EE-AD76-07C83D041A7E}.Debug|Any CPU.Build.0 = Debug|Any CPU
		{BB28B895-72AD-45EE-AD76-07C83D041A7E}.Release|Any CPU.ActiveCfg = Release|Any CPU
		{BB28B895-72AD-45EE-AD76-07C83D041A7E}.Release|Any CPU.Build.0 = Release|Any CPU
		{7895323D-4376-4251-9333-176A75DCFCA5}.Debug|Any CPU.ActiveCfg = Debug|Any CPU
		{7895323D-4376-4251-9333-176A75DCFCA5}.Debug|Any CPU.Build.0 = Debug|Any CPU
		{7895323D-4376-4251-9333-176A75DCFCA5}.Release|Any CPU.ActiveCfg = Release|Any CPU
		{7895323D-4376-4251-9333-176A75DCFCA5}.Release|Any CPU.Build.0 = Release|Any CPU
		{4AAFCB7A-FB11-43F3-8AF3-5D065E817F3C}.Debug|Any CPU.ActiveCfg = Debug|Any CPU
		{4AAFCB7A-FB11-43F3-8AF3-5D065E817F3C}.Debug|Any CPU.Build.0 = Debug|Any CPU
		{4AAFCB7A-FB11-43F3-8AF3-5D065E817F3C}.Release|Any CPU.ActiveCfg = Release|Any CPU
		{4AAFCB7A-FB11-43F3-8AF3-5D065E817F3C}.Release|Any CPU.Build.0 = Release|Any CPU
		{B3675845-2687-4CDC-ADA5-B705F0E3FACD}.Debug|Any CPU.ActiveCfg = Debug|Any CPU
		{B3675845-2687-4CDC-ADA5-B705F0E3FACD}.Debug|Any CPU.Build.0 = Debug|Any CPU
		{B3675845-2687-4CDC-ADA5-B705F0E3FACD}.Release|Any CPU.ActiveCfg = Release|Any CPU
		{B3675845-2687-4CDC-ADA5-B705F0E3FACD}.Release|Any CPU.Build.0 = Release|Any CPU
		{2FD907F9-173A-4F2A-811A-82B207F59E77}.Debug|Any CPU.ActiveCfg = Debug|Any CPU
		{2FD907F9-173A-4F2A-811A-82B207F59E77}.Debug|Any CPU.Build.0 = Debug|Any CPU
		{2FD907F9-173A-4F2A-811A-82B207F59E77}.Release|Any CPU.ActiveCfg = Release|Any CPU
		{2FD907F9-173A-4F2A-811A-82B207F59E77}.Release|Any CPU.Build.0 = Release|Any CPU
		{8C5EAD2A-2434-46A0-B000-A5EFAC1E580E}.Debug|Any CPU.ActiveCfg = Debug|Any CPU
		{8C5EAD2A-2434-46A0-B000-A5EFAC1E580E}.Debug|Any CPU.Build.0 = Debug|Any CPU
		{8C5EAD2A-2434-46A0-B000-A5EFAC1E580E}.Release|Any CPU.ActiveCfg = Release|Any CPU
		{8C5EAD2A-2434-46A0-B000-A5EFAC1E580E}.Release|Any CPU.Build.0 = Release|Any CPU
	EndGlobalSection
	GlobalSection(NestedProjects) = preSolution
		{835CBCA8-20FC-4444-B97D-E5DF55070E83} = {D1FEF468-EFC1-40CF-9DC1-203BCC8C56A1}
		{16FBF013-B59E-4800-84B8-215D28D89708} = {D1FEF468-EFC1-40CF-9DC1-203BCC8C56A1}
		{BB28B895-72AD-45EE-AD76-07C83D041A7E} = {D1FEF468-EFC1-40CF-9DC1-203BCC8C56A1}
		{7895323D-4376-4251-9333-176A75DCFCA5} = {D1FEF468-EFC1-40CF-9DC1-203BCC8C56A1}
		{4AAFCB7A-FB11-43F3-8AF3-5D065E817F3C} = {1862A60A-FDD3-4B0D-AF60-8DDD82380C7F}
		{B3675845-2687-4CDC-ADA5-B705F0E3FACD} = {1862A60A-FDD3-4B0D-AF60-8DDD82380C7F}
		{2FD907F9-173A-4F2A-811A-82B207F59E77} = {1862A60A-FDD3-4B0D-AF60-8DDD82380C7F}
		{8C5EAD2A-2434-46A0-B000-A5EFAC1E580E} = {1862A60A-FDD3-4B0D-AF60-8DDD82380C7F}
	EndGlobalSection
EndGlobal
